PODS:
  - FBSnapshotTestCase (2.1.4):
    - FBSnapshotTestCase/SwiftSupport (= 2.1.4)
  - FBSnapshotTestCase/Core (2.1.4)
  - FBSnapshotTestCase/SwiftSupport (2.1.4):
    - FBSnapshotTestCase/Core
  - NFATipsUI (0.0.1):
    - NFAToolkit
  - NFAToolkit (0.0.5)
  - Nimble (7.3.4)
  - Nimble-Snapshots (6.3.0):
    - Nimble-Snapshots/Core (= 6.3.0)
  - Nimble-Snapshots/Core (6.3.0):
    - FBSnapshotTestCase (~> 2.0)
    - Nimble (~> 7.0)
  - Quick (1.2.0)

DEPENDENCIES:
  - FBSnapshotTestCase (~> 2.1.4)
  - NFATipsUI (from `../`)
  - NFAToolkit
  - Nimble (~> 7.0)
  - Nimble-Snapshots (~> 6.3.0)
  - Quick (~> 1.2.0)

SPEC REPOS:
  trunk:
    - FBSnapshotTestCase
    - NFAToolkit
    - Nimble
    - Nimble-Snapshots
    - Quick

EXTERNAL SOURCES:
  NFATipsUI:
    :path: "../"

SPEC CHECKSUMS:
  FBSnapshotTestCase: 094f9f314decbabe373b87cc339bea235a63e07a
  NFATipsUI: c7ce886d4e6d830cc921a8e94361432f5b3cb5d4
  NFAToolkit: 8fbf8a24c5d12ef956d89b21d7899ac05cab330b
  Nimble: 051e3d8912d40138fa5591c78594f95fb172af37
  Nimble-Snapshots: f5459b5b091678dc942d03ec4741cacb58ba4a52
  Quick: 58d203b1c5e27fff7229c4c1ae445ad7069a7a08

PODFILE CHECKSUM: 25c933bc57fc9a693536af4416c0f57c48e30201

COCOAPODS: 1.8.4
